
Microsoft Visual Studio Solution File, Format Version 12.00
# Visual Studio Version 16
VisualStudioVersion = 16.0.30225.117
MinimumVisualStudioVersion = 10.0.40219.1
Project("{9A19103F-16F7-4668-BE54-9A1E7A4F7556}") = "GrpcClient", "GrpcClient\GrpcClient.csproj", "{A63CE7F0-5E58-42F9-938C-B71DF0C5587C}"
EndProject
Project("{9A19103F-16F7-4668-BE54-9A1E7A4F7556}") = "GrpcServer1", "GrpcServer1\GrpcServer1.csproj", "{6EA63577-00B0-400D-A215-356E5DA6E8ED}"
EndProject
Global
	GlobalSection(SolutionConfigurationPlatforms) = preSolution
		Debug|Any CPU = Debug|Any CPU
		Release|Any CPU = Release|Any CPU
	EndGlobalSection
	GlobalSection(ProjectConfigurationPlatforms) = postSolution
		{A63CE7F0-5E58-42F9-938C-B71DF0C5587C}.Debug|Any CPU.ActiveCfg = Debug|Any CPU
		{A63CE7F0-5E58-42F9-938C-B71DF0C5587C}.Debug|Any CPU.Build.0 = Debug|Any CPU
		{A63CE7F0-5E58-42F9-938C-B71DF0C5587C}.Release|Any CPU.ActiveCfg = Release|Any CPU
		{A63CE7F0-5E58-42F9-938C-B71DF0C5587C}.Release|Any CPU.Build.0 = Release|Any CPU
		{6EA63577-00B0-400D-A215-356E5DA6E8ED}.Debug|Any CPU.ActiveCfg = Debug|Any CPU
		{6EA63577-00B0-400D-A215-356E5DA6E8ED}.Debug|Any CPU.Build.0 = Debug|Any CPU
		{6EA63577-00B0-400D-A215-356E5DA6E8ED}.Release|Any CPU.ActiveCfg = Release|Any CPU
		{6EA63577-00B0-400D-A215-356E5DA6E8ED}.Release|Any CPU.Build.0 = Release|Any CPU
	EndGlobalSection
	GlobalSection(SolutionProperties) = preSolution
		HideSolutionNode = FALSE
	EndGlobalSection
	GlobalSection(ExtensibilityGlobals) = postSolution
		SolutionGuid = {3EA615E4-90B9-4EF2-A4A4-967DA32D8488}
	EndGlobalSection
EndGlobal
